
Microsoft Visual Studio Solution File, Format Version 12.00
# Visual Studio Version 17
VisualStudioVersion = 17.7.34031.279
MinimumVisualStudioVersion = 10.0.40219.1
Project("{FAE04EC0-301F-11D3-BF4B-00C04F79EFBC}") = "Testing Unit functions", "Testing Unit functions\Testing Unit functions.csproj", "{DFB6E7FB-5166-4CC0-AA32-7CC9FDB95D3A}"
EndProject
Project("{FAE04EC0-301F-11D3-BF4B-00C04F79EFBC}") = "Testing string subtractor", "Testing string subtractor\Testing string subtractor.csproj", "{2E69276E-691E-440E-8E5B-1352BE28625B}"
EndProject
Global
	GlobalSection(SolutionConfigurationPlatforms) = preSolution
		Debug|Any CPU = Debug|Any CPU
		Release|Any CPU = Release|Any CPU
	EndGlobalSection
	GlobalSection(ProjectConfigurationPlatforms) = postSolution
		{DFB6E7FB-5166-4CC0-AA32-7CC9FDB95D3A}.Debug|Any CPU.ActiveCfg = Debug|Any CPU
		{DFB6E7FB-5166-4CC0-AA32-7CC9FDB95D3A}.Debug|Any CPU.Build.0 = Debug|Any CPU
		{DFB6E7FB-5166-4CC0-AA32-7CC9FDB95D3A}.Release|Any CPU.ActiveCfg = Release|Any CPU
		{DFB6E7FB-5166-4CC0-AA32-7CC9FDB95D3A}.Release|Any CPU.Build.0 = Release|Any CPU
		{2E69276E-691E-440E-8E5B-1352BE28625B}.Debug|Any CPU.ActiveCfg = Debug|Any CPU
		{2E69276E-691E-440E-8E5B-1352BE28625B}.Debug|Any CPU.Build.0 = Debug|Any CPU
		{2E69276E-691E-440E-8E5B-1352BE28625B}.Release|Any CPU.ActiveCfg = Release|Any CPU
		{2E69276E-691E-440E-8E5B-1352BE28625B}.Release|Any CPU.Build.0 = Release|Any CPU
	EndGlobalSection
	GlobalSection(SolutionProperties) = preSolution
		HideSolutionNode = FALSE
	EndGlobalSection
	GlobalSection(ExtensibilityGlobals) = postSolution
		SolutionGuid = {E08C572C-9BE9-451B-BF41-477C95D01F98}
	EndGlobalSection
EndGlobal
