
Microsoft Visual Studio Solution File, Format Version 12.00
# Visual Studio Version 16
VisualStudioVersion = 25.0.1706.9
MinimumVisualStudioVersion = 10.0.40219.1
Project("{FAE04EC0-301F-11D3-BF4B-00C04F79EFBC}") = "RevueCrafters2", "RevueCrafters2.csproj", "{B7FEAA32-727C-4D3A-B4C7-6FAF061CC6F7}"
EndProject
Global
	GlobalSection(SolutionConfigurationPlatforms) = preSolution
		Debug|Any CPU = Debug|Any CPU
		Release|Any CPU = Release|Any CPU
	EndGlobalSection
	GlobalSection(ProjectConfigurationPlatforms) = postSolution
		{B7FEAA32-727C-4D3A-B4C7-6FAF061CC6F7}.Debug|Any CPU.ActiveCfg = Debug|Any CPU
		{B7FEAA32-727C-4D3A-B4C7-6FAF061CC6F7}.Debug|Any CPU.Build.0 = Debug|Any CPU
		{B7FEAA32-727C-4D3A-B4C7-6FAF061CC6F7}.Release|Any CPU.ActiveCfg = Release|Any CPU
		{B7FEAA32-727C-4D3A-B4C7-6FAF061CC6F7}.Release|Any CPU.Build.0 = Release|Any CPU
	EndGlobalSection
	GlobalSection(SolutionProperties) = preSolution
		HideSolutionNode = FALSE
	EndGlobalSection
	GlobalSection(ExtensibilityGlobals) = postSolution
		SolutionGuid = {859F08F9-0424-47EC-A2FF-9BCC0579E3AB}
	EndGlobalSection
EndGlobal
