
Microsoft Visual Studio Solution File, Format Version 12.00
# Visual Studio Version 16
VisualStudioVersion = 25.0.1706.9
MinimumVisualStudioVersion = 10.0.40219.1
Project("{FAE04EC0-301F-11D3-BF4B-00C04F79EFBC}") = "MVC-Demo1", "MVC-Demo1\MVC-Demo1.csproj", "{3F72E81C-CEA5-4D73-B92B-B27041844761}"
EndProject
Global
	GlobalSection(SolutionConfigurationPlatforms) = preSolution
		Debug|Any CPU = Debug|Any CPU
		Release|Any CPU = Release|Any CPU
	EndGlobalSection
	GlobalSection(ProjectConfigurationPlatforms) = postSolution
		{3F72E81C-CEA5-4D73-B92B-B27041844761}.Debug|Any CPU.ActiveCfg = Debug|Any CPU
		{3F72E81C-CEA5-4D73-B92B-B27041844761}.Debug|Any CPU.Build.0 = Debug|Any CPU
		{3F72E81C-CEA5-4D73-B92B-B27041844761}.Release|Any CPU.ActiveCfg = Release|Any CPU
		{3F72E81C-CEA5-4D73-B92B-B27041844761}.Release|Any CPU.Build.0 = Release|Any CPU
	EndGlobalSection
	GlobalSection(SolutionProperties) = preSolution
		HideSolutionNode = FALSE
	EndGlobalSection
	GlobalSection(ExtensibilityGlobals) = postSolution
		SolutionGuid = {4DBF7EA4-CE97-42D8-948B-8A3B8E8DFAB4}
	EndGlobalSection
EndGlobal
