
Microsoft Visual Studio Solution File, Format Version 12.00
# Visual Studio Version 16
VisualStudioVersion = 25.0.1706.9
MinimumVisualStudioVersion = 10.0.40219.1
Project("{FAE04EC0-301F-11D3-BF4B-00C04F79EFBC}") = "RegularExam", "RegularExam.csproj", "{CC040A07-50B2-4EA1-AAD4-92A123159F62}"
EndProject
Global
	GlobalSection(SolutionConfigurationPlatforms) = preSolution
		Debug|Any CPU = Debug|Any CPU
		Release|Any CPU = Release|Any CPU
	EndGlobalSection
	GlobalSection(ProjectConfigurationPlatforms) = postSolution
		{CC040A07-50B2-4EA1-AAD4-92A123159F62}.Debug|Any CPU.ActiveCfg = Debug|Any CPU
		{CC040A07-50B2-4EA1-AAD4-92A123159F62}.Debug|Any CPU.Build.0 = Debug|Any CPU
		{CC040A07-50B2-4EA1-AAD4-92A123159F62}.Release|Any CPU.ActiveCfg = Release|Any CPU
		{CC040A07-50B2-4EA1-AAD4-92A123159F62}.Release|Any CPU.Build.0 = Release|Any CPU
	EndGlobalSection
	GlobalSection(SolutionProperties) = preSolution
		HideSolutionNode = FALSE
	EndGlobalSection
	GlobalSection(ExtensibilityGlobals) = postSolution
		SolutionGuid = {0F7BAB7A-CE14-42DB-B920-676BD5586D64}
	EndGlobalSection
EndGlobal
