
Microsoft Visual Studio Solution File, Format Version 12.00
# Visual Studio Version 16
VisualStudioVersion = 25.0.1706.9
MinimumVisualStudioVersion = 10.0.40219.1
Project("{FAE04EC0-301F-11D3-BF4B-00C04F79EFBC}") = "RegularExam", "RegularExam.csproj", "{BF416BDE-4BD1-4356-A73C-DFF200E5A40B}"
EndProject
Global
	GlobalSection(SolutionConfigurationPlatforms) = preSolution
		Debug|Any CPU = Debug|Any CPU
		Release|Any CPU = Release|Any CPU
	EndGlobalSection
	GlobalSection(ProjectConfigurationPlatforms) = postSolution
		{BF416BDE-4BD1-4356-A73C-DFF200E5A40B}.Debug|Any CPU.ActiveCfg = Debug|Any CPU
		{BF416BDE-4BD1-4356-A73C-DFF200E5A40B}.Debug|Any CPU.Build.0 = Debug|Any CPU
		{BF416BDE-4BD1-4356-A73C-DFF200E5A40B}.Release|Any CPU.ActiveCfg = Release|Any CPU
		{BF416BDE-4BD1-4356-A73C-DFF200E5A40B}.Release|Any CPU.Build.0 = Release|Any CPU
	EndGlobalSection
	GlobalSection(SolutionProperties) = preSolution
		HideSolutionNode = FALSE
	EndGlobalSection
	GlobalSection(ExtensibilityGlobals) = postSolution
		SolutionGuid = {89EE0E3C-9421-40C4-9CC6-62F654117B40}
	EndGlobalSection
EndGlobal
