
Microsoft Visual Studio Solution File, Format Version 12.00
# Visual Studio Version 16
VisualStudioVersion = 25.0.1706.9
MinimumVisualStudioVersion = 10.0.40219.1
Project("{FAE04EC0-301F-11D3-BF4B-00C04F79EFBC}") = "IdeaCenter", "IdeaCenter.csproj", "{A39F3092-B3BB-48C9-9BCE-8EAA28E1CBCC}"
EndProject
Global
	GlobalSection(SolutionConfigurationPlatforms) = preSolution
		Debug|Any CPU = Debug|Any CPU
		Release|Any CPU = Release|Any CPU
	EndGlobalSection
	GlobalSection(ProjectConfigurationPlatforms) = postSolution
		{A39F3092-B3BB-48C9-9BCE-8EAA28E1CBCC}.Debug|Any CPU.ActiveCfg = Debug|Any CPU
		{A39F3092-B3BB-48C9-9BCE-8EAA28E1CBCC}.Debug|Any CPU.Build.0 = Debug|Any CPU
		{A39F3092-B3BB-48C9-9BCE-8EAA28E1CBCC}.Release|Any CPU.ActiveCfg = Release|Any CPU
		{A39F3092-B3BB-48C9-9BCE-8EAA28E1CBCC}.Release|Any CPU.Build.0 = Release|Any CPU
	EndGlobalSection
	GlobalSection(SolutionProperties) = preSolution
		HideSolutionNode = FALSE
	EndGlobalSection
	GlobalSection(ExtensibilityGlobals) = postSolution
		SolutionGuid = {F310FDDF-87CB-4300-97FE-B09758C71B40}
	EndGlobalSection
EndGlobal
